
Microsoft Visual Studio Solution File, Format Version 12.00
# Visual Studio Version 17
VisualStudioVersion = 17.5.002.0
MinimumVisualStudioVersion = 10.0.40219.1
Project("{9A19103F-16F7-4668-BE54-9A1E7A4F7556}") = "ListLab", "ListLab.csproj", "{B24CDC73-E285-4D7E-8C48-41873A6F2988}"
EndProject
Global
	GlobalSection(SolutionConfigurationPlatforms) = preSolution
		Debug|Any CPU = Debug|Any CPU
		Release|Any CPU = Release|Any CPU
	EndGlobalSection
	GlobalSection(ProjectConfigurationPlatforms) = postSolution
		{B24CDC73-E285-4D7E-8C48-41873A6F2988}.Debug|Any CPU.ActiveCfg = Debug|Any CPU
		{B24CDC73-E285-4D7E-8C48-41873A6F2988}.Debug|Any CPU.Build.0 = Debug|Any CPU
		{B24CDC73-E285-4D7E-8C48-41873A6F2988}.Release|Any CPU.ActiveCfg = Release|Any CPU
		{B24CDC73-E285-4D7E-8C48-41873A6F2988}.Release|Any CPU.Build.0 = Release|Any CPU
	EndGlobalSection
	GlobalSection(SolutionProperties) = preSolution
		HideSolutionNode = FALSE
	EndGlobalSection
	GlobalSection(ExtensibilityGlobals) = postSolution
		SolutionGuid = {7CBA721B-CDBC-4D7D-9C58-2C72F6C8A89B}
	EndGlobalSection
EndGlobal
